
Microsoft Visual Studio Solution File, Format Version 12.00
# Visual Studio 2013
VisualStudioVersion = 12.0.31101.0
MinimumVisualStudioVersion = 10.0.40219.1
Project("{FAE04EC0-301F-11D3-BF4B-00C04F79EFBC}") = "PreConDemoAlpha", "PreConDemoAlpha\PreConDemoAlpha.csproj", "{3BB43345-CD88-45B9-A6FF-AAB481024A79}"
EndProject
Project("{2150E333-8FDC-42A3-9474-1A3956D46DE8}") = "PublishScripts", "PublishScripts", "{C1BE6265-99DC-4970-88CE-0840A1445CC2}"
	ProjectSection(SolutionItems) = preProject
		PublishScripts\AzureWebsitePublishModule.psm1 = PublishScripts\AzureWebsitePublishModule.psm1
		PublishScripts\Publish-WebApplicationWebsite.ps1 = PublishScripts\Publish-WebApplicationWebsite.ps1
	EndProjectSection
EndProject
Project("{2150E333-8FDC-42A3-9474-1A3956D46DE8}") = "Configurations", "Configurations", "{18FC80E8-5C89-4689-A223-A1CFBA077824}"
	ProjectSection(SolutionItems) = preProject
		PublishScripts\Configurations\PreConnODataWebURI-WAWS-dev.json = PublishScripts\Configurations\PreConnODataWebURI-WAWS-dev.json
	EndProjectSection
EndProject
Global
	GlobalSection(SolutionConfigurationPlatforms) = preSolution
		Debug|Any CPU = Debug|Any CPU
		Release|Any CPU = Release|Any CPU
	EndGlobalSection
	GlobalSection(ProjectConfigurationPlatforms) = postSolution
		{3BB43345-CD88-45B9-A6FF-AAB481024A79}.Debug|Any CPU.ActiveCfg = Debug|Any CPU
		{3BB43345-CD88-45B9-A6FF-AAB481024A79}.Debug|Any CPU.Build.0 = Debug|Any CPU
		{3BB43345-CD88-45B9-A6FF-AAB481024A79}.Debug|Any CPU.Deploy.0 = Debug|Any CPU
		{3BB43345-CD88-45B9-A6FF-AAB481024A79}.Release|Any CPU.ActiveCfg = Release|Any CPU
		{3BB43345-CD88-45B9-A6FF-AAB481024A79}.Release|Any CPU.Build.0 = Release|Any CPU
		{3BB43345-CD88-45B9-A6FF-AAB481024A79}.Release|Any CPU.Deploy.0 = Release|Any CPU
	EndGlobalSection
	GlobalSection(SolutionProperties) = preSolution
		HideSolutionNode = FALSE
	EndGlobalSection
	GlobalSection(NestedProjects) = preSolution
		{18FC80E8-5C89-4689-A223-A1CFBA077824} = {C1BE6265-99DC-4970-88CE-0840A1445CC2}
	EndGlobalSection
EndGlobal
